// !$*UTF8*$!
{
	archiveVersion = 1;
	classes = {
	};
	objectVersion = 55;
	objects = {

/* Begin PBXBuildFile section */
		E1BD5A2328730F79008D1ED4 /* UIColorizedAppApp.swift in Sources */ = {isa = PBXBuildFile; fileRef = E1BD5A2228730F79008D1ED4 /* UIColorizedAppApp.swift */; };
		E1BD5A2528730F79008D1ED4 /* ContentView.swift in Sources */ = {isa = PBXBuildFile; fileRef = E1BD5A2428730F79008D1ED4 /* ContentView.swift */; };
		E1BD5A2728730F7D008D1ED4 /* Assets.xcassets in Resources */ = {isa = PBXBuildFile; fileRef = E1BD5A2628730F7D008D1ED4 /* Assets.xcassets */; };
		E1BD5A2A28730F7D008D1ED4 /* Preview Assets.xcassets in Resources */ = {isa = PBXBuildFile; fileRef = E1BD5A2928730F7D008D1ED4 /* Preview Assets.xcassets */; };
		E1BD5A3128730FB8008D1ED4 /* ColorRectangle.swift in Sources */ = {isa = PBXBuildFile; fileRef = E1BD5A3028730FB8008D1ED4 /* ColorRectangle.swift */; };
		E1BD5A3328731C2C008D1ED4 /* ColorLabel.swift in Sources */ = {isa = PBXBuildFile; fileRef = E1BD5A3228731C2C008D1ED4 /* ColorLabel.swift */; };
		E1BD5A3528731E47008D1ED4 /* ColorValueField.swift in Sources */ = {isa = PBXBuildFile; fileRef = E1BD5A3428731E47008D1ED4 /* ColorValueField.swift */; };
		E1BD5A37287438D6008D1ED4 /* SliderColor.swift in Sources */ = {isa = PBXBuildFile; fileRef = E1BD5A36287438D5008D1ED4 /* SliderColor.swift */; };
/* End PBXBuildFile section */

/* Begin PBXFileReference section */
		E1BD5A1F28730F79008D1ED4 /* UIColorizedApp.app */ = {isa = PBXFileReference; explicitFileType = wrapper.application; includeInIndex = 0; path = UIColorizedApp.app; sourceTree = BUILT_PRODUCTS_DIR; };
		E1BD5A2228730F79008D1ED4 /* UIColorizedAppApp.swift */ = {isa = PBXFileReference; lastKnownFileType = sourcecode.swift; path = UIColorizedAppApp.swift; sourceTree = "<group>"; };
		E1BD5A2428730F79008D1ED4 /* ContentView.swift */ = {isa = PBXFileReference; lastKnownFileType = sourcecode.swift; path = ContentView.swift; sourceTree = "<group>"; };
		E1BD5A2628730F7D008D1ED4 /* Assets.xcassets */ = {isa = PBXFileReference; lastKnownFileType = folder.assetcatalog; path = Assets.xcassets; sourceTree = "<group>"; };
		E1BD5A2928730F7D008D1ED4 /* Preview Assets.xcassets */ = {isa = PBXFileReference; lastKnownFileType = folder.assetcatalog; path = "Preview Assets.xcassets"; sourceTree = "<group>"; };
		E1BD5A3028730FB8008D1ED4 /* ColorRectangle.swift */ = {isa = PBXFileReference; lastKnownFileType = sourcecode.swift; path = ColorRectangle.swift; sourceTree = "<group>"; };
		E1BD5A3228731C2C008D1ED4 /* ColorLabel.swift */ = {isa = PBXFileReference; lastKnownFileType = sourcecode.swift; path = ColorLabel.swift; sourceTree = "<group>"; };
		E1BD5A3428731E47008D1ED4 /* ColorValueField.swift */ = {isa = PBXFileReference; lastKnownFileType = sourcecode.swift; path = ColorValueField.swift; sourceTree = "<group>"; };
		E1BD5A36287438D5008D1ED4 /* SliderColor.swift */ = {isa = PBXFileReference; lastKnownFileType = sourcecode.swift; path = SliderColor.swift; sourceTree = "<group>"; };
/* End PBXFileReference section */

/* Begin PBXFrameworksBuildPhase section */
		E1BD5A1C28730F79008D1ED4 /* Frameworks */ = {
			isa = PBXFrameworksBuildPhase;
			buildActionMask = 2147483647;
			files = (
			);
			runOnlyForDeploymentPostprocessing = 0;
		};
/* End PBXFrameworksBuildPhase section */

/* Begin PBXGroup section */
		E1BD5A1628730F79008D1ED4 = {
			isa = PBXGroup;
			children = (
				E1BD5A2128730F79008D1ED4 /* UIColorizedApp */,
				E1BD5A2028730F79008D1ED4 /* Products */,
			);
			sourceTree = "<group>";
		};
		E1BD5A2028730F79008D1ED4 /* Products */ = {
			isa = PBXGroup;
			children = (
				E1BD5A1F28730F79008D1ED4 /* UIColorizedApp.app */,
			);
			name = Products;
			sourceTree = "<group>";
		};
		E1BD5A2128730F79008D1ED4 /* UIColorizedApp */ = {
			isa = PBXGroup;
			children = (
				E1BD5A2228730F79008D1ED4 /* UIColorizedAppApp.swift */,
				E1BD5A2428730F79008D1ED4 /* ContentView.swift */,
				E1BD5A3028730FB8008D1ED4 /* ColorRectangle.swift */,
				E1BD5A36287438D5008D1ED4 /* SliderColor.swift */,
				E1BD5A3228731C2C008D1ED4 /* ColorLabel.swift */,
				E1BD5A3428731E47008D1ED4 /* ColorValueField.swift */,
				E1BD5A2628730F7D008D1ED4 /* Assets.xcassets */,
				E1BD5A2828730F7D008D1ED4 /* Preview Content */,
			);
			path = UIColorizedApp;
			sourceTree = "<group>";
		};
		E1BD5A2828730F7D008D1ED4 /* Preview Content */ = {
			isa = PBXGroup;
			children = (
				E1BD5A2928730F7D008D1ED4 /* Preview Assets.xcassets */,
			);
			path = "Preview Content";
			sourceTree = "<group>";
		};
/* End PBXGroup section */

/* Begin PBXNativeTarget section */
		E1BD5A1E28730F79008D1ED4 /* UIColorizedApp */ = {
			isa = PBXNativeTarget;
			buildConfigurationList = E1BD5A2D28730F7D008D1ED4 /* Build configuration list for PBXNativeTarget "UIColorizedApp" */;
			buildPhases = (
				E1BD5A1B28730F79008D1ED4 /* Sources */,
				E1BD5A1C28730F79008D1ED4 /* Frameworks */,
				E1BD5A1D28730F79008D1ED4 /* Resources */,
			);
			buildRules = (
			);
			dependencies = (
			);
			name = UIColorizedApp;
			productName = UIColorizedApp;
			productReference = E1BD5A1F28730F79008D1ED4 /* UIColorizedApp.app */;
			productType = "com.apple.product-type.application";
		};
/* End PBXNativeTarget section */

/* Begin PBXProject section */
		E1BD5A1728730F79008D1ED4 /* Project object */ = {
			isa = PBXProject;
			attributes = {
				BuildIndependentTargetsInParallel = 1;
				LastSwiftUpdateCheck = 1320;
				LastUpgradeCheck = 1320;
				TargetAttributes = {
					E1BD5A1E28730F79008D1ED4 = {
						CreatedOnToolsVersion = 13.2.1;
					};
				};
			};
			buildConfigurationList = E1BD5A1A28730F79008D1ED4 /* Build configuration list for PBXProject "UIColorizedApp" */;
			compatibilityVersion = "Xcode 13.0";
			developmentRegion = en;
			hasScannedForEncodings = 0;
			knownRegions = (
				en,
				Base,
			);
			mainGroup = E1BD5A1628730F79008D1ED4;
			productRefGroup = E1BD5A2028730F79008D1ED4 /* Products */;
			projectDirPath = "";
			projectRoot = "";
			targets = (
				E1BD5A1E28730F79008D1ED4 /* UIColorizedApp */,
			);
		};
/* End PBXProject section */

/* Begin PBXResourcesBuildPhase section */
		E1BD5A1D28730F79008D1ED4 /* Resources */ = {
			isa = PBXResourcesBuildPhase;
			buildActionMask = 2147483647;
			files = (
				E1BD5A2A28730F7D008D1ED4 /* Preview Assets.xcassets in Resources */,
				E1BD5A2728730F7D008D1ED4 /* Assets.xcassets in Resources */,
			);
			runOnlyForDeploymentPostprocessing = 0;
		};
/* End PBXResourcesBuildPhase section */

/* Begin PBXSourcesBuildPhase section */
		E1BD5A1B28730F79008D1ED4 /* Sources */ = {
			isa = PBXSourcesBuildPhase;
			buildActionMask = 2147483647;
			files = (
				E1BD5A2528730F79008D1ED4 /* ContentView.swift in Sources */,
				E1BD5A3528731E47008D1ED4 /* ColorValueField.swift in Sources */,
				E1BD5A2328730F79008D1ED4 /* UIColorizedAppApp.swift in Sources */,
				E1BD5A3328731C2C008D1ED4 /* ColorLabel.swift in Sources */,
				E1BD5A37287438D6008D1ED4 /* SliderColor.swift in Sources */,
				E1BD5A3128730FB8008D1ED4 /* ColorRectangle.swift in Sources */,
			);
			runOnlyForDeploymentPostprocessing = 0;
		};
/* End PBXSourcesBuildPhase section */

/* Begin XCBuildConfiguration section */
		E1BD5A2B28730F7D008D1ED4 /* Debug */ = {
			isa = XCBuildConfiguration;
			buildSettings = {
				ALWAYS_SEARCH_USER_PATHS = NO;
				CLANG_ANALYZER_NONNULL = YES;
				CLANG_ANALYZER_NUMBER_OBJECT_CONVERSION = YES_AGGRESSIVE;
				CLANG_CXX_LANGUAGE_STANDARD = "gnu++17";
				CLANG_CXX_LIBRARY = "libc++";
				CLANG_ENABLE_MODULES = YES;
				CLANG_ENABLE_OBJC_ARC = YES;
				CLANG_ENABLE_OBJC_WEAK = YES;
				CLANG_WARN_BLOCK_CAPTURE_AUTORELEASING = YES;
				CLANG_WARN_BOOL_CONVERSION = YES;
				CLANG_WARN_COMMA = YES;
				CLANG_WARN_CONSTANT_CONVERSION = YES;
				CLANG_WARN_DEPRECATED_OBJC_IMPLEMENTATIONS = YES;
				CLANG_WARN_DIRECT_OBJC_ISA_USAGE = YES_ERROR;
				CLANG_WARN_DOCUMENTATION_COMMENTS = YES;
				CLANG_WARN_EMPTY_BODY = YES;
				CLANG_WARN_ENUM_CONVERSION = YES;
				CLANG_WARN_INFINITE_RECURSION = YES;
				CLANG_WARN_INT_CONVERSION = YES;
				CLANG_WARN_NON_LITERAL_NULL_CONVERSION = YES;
				CLANG_WARN_OBJC_IMPLICIT_RETAIN_SELF = YES;
				CLANG_WARN_OBJC_LITERAL_CONVERSION = YES;
				CLANG_WARN_OBJC_ROOT_CLASS = YES_ERROR;
				CLANG_WARN_QUOTED_INCLUDE_IN_FRAMEWORK_HEADER = YES;
				CLANG_WARN_RANGE_LOOP_ANALYSIS = YES;
				CLANG_WARN_STRICT_PROTOTYPES = YES;
				CLANG_WARN_SUSPICIOUS_MOVE = YES;
				CLANG_WARN_UNGUARDED_AVAILABILITY = YES_AGGRESSIVE;
				CLANG_WARN_UNREACHABLE_CODE = YES;
				CLANG_WARN__DUPLICATE_METHOD_MATCH = YES;
				COPY_PHASE_STRIP = NO;
				DEBUG_INFORMATION_FORMAT = dwarf;
				ENABLE_STRICT_OBJC_MSGSEND = YES;
				ENABLE_TESTABILITY = YES;
				GCC_C_LANGUAGE_STANDARD = gnu11;
				GCC_DYNAMIC_NO_PIC = NO;
				GCC_NO_COMMON_BLOCKS = YES;
				GCC_OPTIMIZATION_LEVEL = 0;
				GCC_PREPROCESSOR_DEFINITIONS = (
					"DEBUG=1",
					"$(inherited)",
				);
				GCC_WARN_64_TO_32_BIT_CONVERSION = YES;
				GCC_WARN_ABOUT_RETURN_TYPE = YES_ERROR;
				GCC_WARN_UNDECLARED_SELECTOR = YES;
				GCC_WARN_UNINITIALIZED_AUTOS = YES_AGGRESSIVE;
				GCC_WARN_UNUSED_FUNCTION = YES;
				GCC_WARN_UNUSED_VARIABLE = YES;
				IPHONEOS_DEPLOYMENT_TARGET = 15.2;
				MTL_ENABLE_DEBUG_INFO = INCLUDE_SOURCE;
				MTL_FAST_MATH = YES;
				ONLY_ACTIVE_ARCH = YES;
				SDKROOT = iphoneos;
				SWIFT_ACTIVE_COMPILATION_CONDITIONS = DEBUG;
				SWIFT_OPTIMIZATION_LEVEL = "-Onone";
			};
			name = Debug;
		};
		E1BD5A2C28730F7D008D1ED4 /* Release */ = {
			isa = XCBuildConfiguration;
			buildSettings = {
				ALWAYS_SEARCH_USER_PATHS = NO;
				CLANG_ANALYZER_NONNULL = YES;
				CLANG_ANALYZER_NUMBER_OBJECT_CONVERSION = YES_AGGRESSIVE;
				CLANG_CXX_LANGUAGE_STANDARD = "gnu++17";
				CLANG_CXX_LIBRARY = "libc++";
				CLANG_ENABLE_MODULES = YES;
				CLANG_ENABLE_OBJC_ARC = YES;
				CLANG_ENABLE_OBJC_WEAK = YES;
				CLANG_WARN_BLOCK_CAPTURE_AUTORELEASING = YES;
				CLANG_WARN_BOOL_CONVERSION = YES;
				CLANG_WARN_COMMA = YES;
				CLANG_WARN_CONSTANT_CONVERSION = YES;
				CLANG_WARN_DEPRECATED_OBJC_IMPLEMENTATIONS = YES;
				CLANG_WARN_DIRECT_OBJC_ISA_USAGE = YES_ERROR;
				CLANG_WARN_DOCUMENTATION_COMMENTS = YES;
				CLANG_WARN_EMPTY_BODY = YES;
				CLANG_WARN_ENUM_CONVERSION = YES;
				CLANG_WARN_INFINITE_RECURSION = YES;
				CLANG_WARN_INT_CONVERSION = YES;
				CLANG_WARN_NON_LITERAL_NULL_CONVERSION = YES;
				CLANG_WARN_OBJC_IMPLICIT_RETAIN_SELF = YES;
				CLANG_WARN_OBJC_LITERAL_CONVERSION = YES;
				CLANG_WARN_OBJC_ROOT_CLASS = YES_ERROR;
				CLANG_WARN_QUOTED_INCLUDE_IN_FRAMEWORK_HEADER = YES;
				CLANG_WARN_RANGE_LOOP_ANALYSIS = YES;
				CLANG_WARN_STRICT_PROTOTYPES = YES;
				CLANG_WARN_SUSPICIOUS_MOVE = YES;
				CLANG_WARN_UNGUARDED_AVAILABILITY = YES_AGGRESSIVE;
				CLANG_WARN_UNREACHABLE_CODE = YES;
				CLANG_WARN__DUPLICATE_METHOD_MATCH = YES;
				COPY_PHASE_STRIP = NO;
				DEBUG_INFORMATION_FORMAT = "dwarf-with-dsym";
				ENABLE_NS_ASSERTIONS = NO;
				ENABLE_STRICT_OBJC_MSGSEND = YES;
				GCC_C_LANGUAGE_STANDARD = gnu11;
				GCC_NO_COMMON_BLOCKS = YES;
				GCC_WARN_64_TO_32_BIT_CONVERSION = YES;
				GCC_WARN_ABOUT_RETURN_TYPE = YES_ERROR;
				GCC_WARN_UNDECLARED_SELECTOR = YES;
				GCC_WARN_UNINITIALIZED_AUTOS = YES_AGGRESSIVE;
				GCC_WARN_UNUSED_FUNCTION = YES;
				GCC_WARN_UNUSED_VARIABLE = YES;
				IPHONEOS_DEPLOYMENT_TARGET = 15.2;
				MTL_ENABLE_DEBUG_INFO = NO;
				MTL_FAST_MATH = YES;
				SDKROOT = iphoneos;
				SWIFT_COMPILATION_MODE = wholemodule;
				SWIFT_OPTIMIZATION_LEVEL = "-O";
				VALIDATE_PRODUCT = YES;
			};
			name = Release;
		};
		E1BD5A2E28730F7D008D1ED4 /* Debug */ = {
			isa = XCBuildConfiguration;
			buildSettings = {
				ASSETCATALOG_COMPILER_APPICON_NAME = AppIcon;
				ASSETCATALOG_COMPILER_GLOBAL_ACCENT_COLOR_NAME = AccentColor;
				CODE_SIGN_STYLE = Automatic;
				CURRENT_PROJECT_VERSION = 1;
				DEVELOPMENT_ASSET_PATHS = "\"UIColorizedApp/Preview Content\"";
				DEVELOPMENT_TEAM = HRYLC3C7SK;
				ENABLE_PREVIEWS = YES;
				GENERATE_INFOPLIST_FILE = YES;
				INFOPLIST_KEY_UIApplicationSceneManifest_Generation = YES;
				INFOPLIST_KEY_UIApplicationSupportsIndirectInputEvents = YES;
				INFOPLIST_KEY_UILaunchScreen_Generation = YES;
				INFOPLIST_KEY_UISupportedInterfaceOrientations_iPad = "UIInterfaceOrientationPortrait UIInterfaceOrientationPortraitUpsideDown UIInterfaceOrientationLandscapeLeft UIInterfaceOrientationLandscapeRight";
				INFOPLIST_KEY_UISupportedInterfaceOrientations_iPhone = "UIInterfaceOrientationPortrait UIInterfaceOrientationLandscapeLeft UIInterfaceOrientationLandscapeRight";
				LD_RUNPATH_SEARCH_PATHS = (
					"$(inherited)",
					"@executable_path/Frameworks",
				);
				MARKETING_VERSION = 1.0;
				PRODUCT_BUNDLE_IDENTIFIER = "ru.bezborodov-pavel.UIColorizedApp";
				PRODUCT_NAME = "$(TARGET_NAME)";
				SWIFT_EMIT_LOC_STRINGS = YES;
				SWIFT_VERSION = 5.0;
				TARGETED_DEVICE_FAMILY = "1,2";
			};
			name = Debug;
		};
		E1BD5A2F28730F7D008D1ED4 /* Release */ = {
			isa = XCBuildConfiguration;
			buildSettings = {
				ASSETCATALOG_COMPILER_APPICON_NAME = AppIcon;
				ASSETCATALOG_COMPILER_GLOBAL_ACCENT_COLOR_NAME = AccentColor;
				CODE_SIGN_STYLE = Automatic;
				CURRENT_PROJECT_VERSION = 1;
				DEVELOPMENT_ASSET_PATHS = "\"UIColorizedApp/Preview Content\"";
				DEVELOPMENT_TEAM = HRYLC3C7SK;
				ENABLE_PREVIEWS = YES;
				GENERATE_INFOPLIST_FILE = YES;
				INFOPLIST_KEY_UIApplicationSceneManifest_Generation = YES;
				INFOPLIST_KEY_UIApplicationSupportsIndirectInputEvents = YES;
				INFOPLIST_KEY_UILaunchScreen_Generation = YES;
				INFOPLIST_KEY_UISupportedInterfaceOrientations_iPad = "UIInterfaceOrientationPortrait UIInterfaceOrientationPortraitUpsideDown UIInterfaceOrientationLandscapeLeft UIInterfaceOrientationLandscapeRight";
				INFOPLIST_KEY_UISupportedInterfaceOrientations_iPhone = "UIInterfaceOrientationPortrait UIInterfaceOrientationLandscapeLeft UIInterfaceOrientationLandscapeRight";
				LD_RUNPATH_SEARCH_PATHS = (
					"$(inherited)",
					"@executable_path/Frameworks",
				);
				MARKETING_VERSION = 1.0;
				PRODUCT_BUNDLE_IDENTIFIER = "ru.bezborodov-pavel.UIColorizedApp";
				PRODUCT_NAME = "$(TARGET_NAME)";
				SWIFT_EMIT_LOC_STRINGS = YES;
				SWIFT_VERSION = 5.0;
				TARGETED_DEVICE_FAMILY = "1,2";
			};
			name = Release;
		};
/* End XCBuildConfiguration section */

/* Begin XCConfigurationList section */
		E1BD5A1A28730F79008D1ED4 /* Build configuration list for PBXProject "UIColorizedApp" */ = {
			isa = XCConfigurationList;
			buildConfigurations = (
				E1BD5A2B28730F7D008D1ED4 /* Debug */,
				E1BD5A2C28730F7D008D1ED4 /* Release */,
			);
			defaultConfigurationIsVisible = 0;
			defaultConfigurationName = Release;
		};
		E1BD5A2D28730F7D008D1ED4 /* Build configuration list for PBXNativeTarget "UIColorizedApp" */ = {
			isa = XCConfigurationList;
			buildConfigurations = (
				E1BD5A2E28730F7D008D1ED4 /* Debug */,
				E1BD5A2F28730F7D008D1ED4 /* Release */,
			);
			defaultConfigurationIsVisible = 0;
			defaultConfigurationName = Release;
		};
/* End XCConfigurationList section */
	};
	rootObject = E1BD5A1728730F79008D1ED4 /* Project object */;
}
